
Microsoft Visual Studio Solution File, Format Version 12.00
# Visual Studio 2013
VisualStudioVersion = 12.0.21005.1
MinimumVisualStudioVersion = 10.0.40219.1
Project("{FAE04EC0-301F-11D3-BF4B-00C04F79EFBC}") = "StyleDemo", "StyleDemo\StyleDemo.csproj", "{82B7730D-7318-44C9-8C68-06D31A973334}"
EndProject
Project("{FAE04EC0-301F-11D3-BF4B-00C04F79EFBC}") = "ResourcesLib", "ClassLibrary1\ResourcesLib.csproj", "{61535BF4-916C-4D54-A3C3-9BB866B6123E}"
EndProject
Global
	GlobalSection(SolutionConfigurationPlatforms) = preSolution
		Debug|Any CPU = Debug|Any CPU
		Release|Any CPU = Release|Any CPU
	EndGlobalSection
	GlobalSection(ProjectConfigurationPlatforms) = postSolution
		{82B7730D-7318-44C9-8C68-06D31A973334}.Debug|Any CPU.ActiveCfg = Debug|Any CPU
		{82B7730D-7318-44C9-8C68-06D31A973334}.Debug|Any CPU.Build.0 = Debug|Any CPU
		{82B7730D-7318-44C9-8C68-06D31A973334}.Release|Any CPU.ActiveCfg = Release|Any CPU
		{82B7730D-7318-44C9-8C68-06D31A973334}.Release|Any CPU.Build.0 = Release|Any CPU
		{61535BF4-916C-4D54-A3C3-9BB866B6123E}.Debug|Any CPU.ActiveCfg = Debug|Any CPU
		{61535BF4-916C-4D54-A3C3-9BB866B6123E}.Debug|Any CPU.Build.0 = Debug|Any CPU
		{61535BF4-916C-4D54-A3C3-9BB866B6123E}.Release|Any CPU.ActiveCfg = Release|Any CPU
		{61535BF4-916C-4D54-A3C3-9BB866B6123E}.Release|Any CPU.Build.0 = Release|Any CPU
	EndGlobalSection
	GlobalSection(SolutionProperties) = preSolution
		HideSolutionNode = FALSE
	EndGlobalSection
EndGlobal
